
Microsoft Visual Studio Solution File, Format Version 12.00
# Visual Studio 15
VisualStudioVersion = 15.0.28010.2026
MinimumVisualStudioVersion = 10.0.40219.1
Project("{8BC9CEB8-8B4A-11D0-8D11-00A0C91BC942}") = "vs", "vs\vs.vcxproj", "{0A2B9A29-3B62-476F-8C8D-72D2CEDF35C6}"
EndProject
Global
	GlobalSection(SolutionConfigurationPlatforms) = preSolution
		Debug|x86 = Debug|x86
		Release|x86 = Release|x86
	EndGlobalSection
	GlobalSection(ProjectConfigurationPlatforms) = postSolution
		{0A2B9A29-3B62-476F-8C8D-72D2CEDF35C6}.Debug|x86.ActiveCfg = Debug|Win32
		{0A2B9A29-3B62-476F-8C8D-72D2CEDF35C6}.Debug|x86.Build.0 = Debug|Win32
		{0A2B9A29-3B62-476F-8C8D-72D2CEDF35C6}.Release|x86.ActiveCfg = Release|Win32
		{0A2B9A29-3B62-476F-8C8D-72D2CEDF35C6}.Release|x86.Build.0 = Release|Win32
	EndGlobalSection
	GlobalSection(SolutionProperties) = preSolution
		HideSolutionNode = FALSE
	EndGlobalSection
	GlobalSection(ExtensibilityGlobals) = postSolution
		SolutionGuid = {9A1DB50D-16F0-4A3F-89C2-FB9973D70CB1}
	EndGlobalSection
EndGlobal
